{
  "name": "textrix",
  "version": "0.0.1",
  "lockfileVersion": 1,
  "requires": true,
  "dependencies": {
    "ansi-colors": {
      "version": "3.2.4",
      "resolved": "https://registry.npmjs.org/ansi-colors/-/ansi-colors-3.2.4.tgz",
      "integrity": "sha512-hHUXGagefjN2iRrID63xckIvotOXOojhQKWIPUZ4mNUZ9nLZW+7FMNoE1lOkEhNWYsx/7ysGIuJYCiMAA9FnrA=="
    },
    "minicle": {
      "version": "1.0.1",
      "resolved": "https://registry.npmjs.org/minicle/-/minicle-1.0.1.tgz",
      "integrity": "sha512-OwyngK+2sEj4/OOdXcGWORkkzVjAkRgWiTLmiSDcvB522Bmm4m1Cs8WLNVwfRzcBFlcwAAhXHHXP9VPzf2cq2Q=="
    }
  }
}
