{
  "name": "textrix",
  "version": "0.0.1",
  "lockfileVersion": 1,
  "requires": true,
  "dependencies": {
    "ansi-colors": {
      "version": "3.2.4",
      "resolved": "https://registry.npmjs.org/ansi-colors/-/ansi-colors-3.2.4.tgz",
      "integrity": "sha512-hHUXGagefjN2iRrID63xckIvotOXOojhQKWIPUZ4mNUZ9nLZW+7FMNoE1lOkEhNWYsx/7ysGIuJYCiMAA9FnrA=="
    },
    "minicle": {
      "version": "1.0.4",
      "resolved": "https://registry.npmjs.org/minicle/-/minicle-1.0.4.tgz",
      "integrity": "sha512-8Ys2kPpPS/rFc//ZYa/iC5jSRQD63DRvhuk4s5Rgq/9ZsWsA2AhvvCcOTNxeS3NDuc9xoOZ4NiokSLRKv3gvEQ=="
    }
  }
}
